
Microsoft Visual Studio Solution File, Format Version 12.00
Project("{FAE04EC0-301F-11D3-BF4B-00C04F79EFBC}") = "agrisynth-backend", "agrisynth-backend\agrisynth-backend.csproj", "{60C3C957-9B4A-49CE-9CD3-481482ADE986}"
EndProject
Global
	GlobalSection(SolutionConfigurationPlatforms) = preSolution
		Debug|Any CPU = Debug|Any CPU
		Release|Any CPU = Release|Any CPU
	EndGlobalSection
	GlobalSection(ProjectConfigurationPlatforms) = postSolution
		{60C3C957-9B4A-49CE-9CD3-481482ADE986}.Debug|Any CPU.ActiveCfg = Debug|Any CPU
		{60C3C957-9B4A-49CE-9CD3-481482ADE986}.Debug|Any CPU.Build.0 = Debug|Any CPU
		{60C3C957-9B4A-49CE-9CD3-481482ADE986}.Release|Any CPU.ActiveCfg = Release|Any CPU
		{60C3C957-9B4A-49CE-9CD3-481482ADE986}.Release|Any CPU.Build.0 = Release|Any CPU
	EndGlobalSection
EndGlobal
